// !$*UTF8*$!
{
	archiveVersion = 1;
	classes = {
	};
	objectVersion = 50;
	objects = {

/* Begin PBXBuildFile section */
		BB52BE8421C1F6C6002AF0DF /* ZhuanFaViewController.swift in Sources */ = {isa = PBXBuildFile; fileRef = BB52BE8321C1F6C6002AF0DF /* ZhuanFaViewController.swift */; };
		BB52BE8621C1F6D1002AF0DF /* ZhuanFaViewController.storyboard in Resources */ = {isa = PBXBuildFile; fileRef = BB52BE8521C1F6D1002AF0DF /* ZhuanFaViewController.storyboard */; };
		BB52BE8921C241B8002AF0DF /* MsgListViewModel.swift in Sources */ = {isa = PBXBuildFile; fileRef = BB52BE8821C241B8002AF0DF /* MsgListViewModel.swift */; };
		BB52BE8E21C245C5002AF0DF /* StringExtension.swift in Sources */ = {isa = PBXBuildFile; fileRef = BB52BE8D21C245C5002AF0DF /* StringExtension.swift */; };
		BB544BDB21C0DC2F00448A91 /* ChatTextViewCell.swift in Sources */ = {isa = PBXBuildFile; fileRef = BB544BDA21C0DC2F00448A91 /* ChatTextViewCell.swift */; };
		BB544BDD21C0F3BC00448A91 /* MyTextView.swift in Sources */ = {isa = PBXBuildFile; fileRef = BB544BDC21C0F3BC00448A91 /* MyTextView.swift */; };
		BB5819EB21BE6CDD00783C27 /* ChatAudioCell.swift in Sources */ = {isa = PBXBuildFile; fileRef = BB5819E721BE6CDD00783C27 /* ChatAudioCell.swift */; };
		BB5819EC21BE6CDD00783C27 /* ChatTimeCell.swift in Sources */ = {isa = PBXBuildFile; fileRef = BB5819E821BE6CDD00783C27 /* ChatTimeCell.swift */; };
		BB5819ED21BE6CDD00783C27 /* ChatVideoCell.swift in Sources */ = {isa = PBXBuildFile; fileRef = BB5819E921BE6CDD00783C27 /* ChatVideoCell.swift */; };
		BB5819EE21BE6CDD00783C27 /* ChatImageCell.swift in Sources */ = {isa = PBXBuildFile; fileRef = BB5819EA21BE6CDD00783C27 /* ChatImageCell.swift */; };
		BB5819F021BE7F7F00783C27 /* UIView+Extension.swift in Sources */ = {isa = PBXBuildFile; fileRef = BB5819EF21BE7F7F00783C27 /* UIView+Extension.swift */; };
		BB5819F221BE824000783C27 /* WeChatTools+Message.swift in Sources */ = {isa = PBXBuildFile; fileRef = BB5819F121BE824000783C27 /* WeChatTools+Message.swift */; };
		BB8A2C5921BE328200432091 /* AppDelegate.swift in Sources */ = {isa = PBXBuildFile; fileRef = BB8A2C5821BE328200432091 /* AppDelegate.swift */; };
		BB8A2C5B21BE328200432091 /* ViewController.swift in Sources */ = {isa = PBXBuildFile; fileRef = BB8A2C5A21BE328200432091 /* ViewController.swift */; };
		BB8A2C5E21BE328200432091 /* Main.storyboard in Resources */ = {isa = PBXBuildFile; fileRef = BB8A2C5C21BE328200432091 /* Main.storyboard */; };
		BB8A2C6021BE328500432091 /* Assets.xcassets in Resources */ = {isa = PBXBuildFile; fileRef = BB8A2C5F21BE328500432091 /* Assets.xcassets */; };
		BB8A2C6321BE328500432091 /* LaunchScreen.storyboard in Resources */ = {isa = PBXBuildFile; fileRef = BB8A2C6121BE328500432091 /* LaunchScreen.storyboard */; };
		BB8A2C6B21BE33F400432091 /* ChatMsgModel.swift in Sources */ = {isa = PBXBuildFile; fileRef = BB8A2C6A21BE33F400432091 /* ChatMsgModel.swift */; };
		BB8A2C6D21BE34ED00432091 /* BaseTableViewCell.swift in Sources */ = {isa = PBXBuildFile; fileRef = BB8A2C6C21BE34ED00432091 /* BaseTableViewCell.swift */; };
		BB8A2C6F21BE3B1400432091 /* ImMessageModel.swift in Sources */ = {isa = PBXBuildFile; fileRef = BB8A2C6E21BE3B1400432091 /* ImMessageModel.swift */; };
		BB8A2C7121BE3C6800432091 /* TextTableViewCell.swift in Sources */ = {isa = PBXBuildFile; fileRef = BB8A2C7021BE3C6800432091 /* TextTableViewCell.swift */; };
		BB8A2C7421BE3D2500432091 /* ChatFindEmotion.swift in Sources */ = {isa = PBXBuildFile; fileRef = BB8A2C7321BE3D2500432091 /* ChatFindEmotion.swift */; };
		BB8A2C7621BE3D8000432091 /* ChatEmotionHelper.swift in Sources */ = {isa = PBXBuildFile; fileRef = BB8A2C7521BE3D8000432091 /* ChatEmotionHelper.swift */; };
		BB8A2C7921BE3DC400432091 /* ChatEmotion.swift in Sources */ = {isa = PBXBuildFile; fileRef = BB8A2C7821BE3DC400432091 /* ChatEmotion.swift */; };
		BB8A2C7D21BE3E0200432091 /* Expression.bundle in Resources */ = {isa = PBXBuildFile; fileRef = BB8A2C7B21BE3E0200432091 /* Expression.bundle */; };
		BB8A2C7E21BE3E0200432091 /* Expression.plist in Resources */ = {isa = PBXBuildFile; fileRef = BB8A2C7C21BE3E0200432091 /* Expression.plist */; };
		BB8A2C8021BE3F7900432091 /* WeChatTools.swift in Sources */ = {isa = PBXBuildFile; fileRef = BB8A2C7F21BE3F7900432091 /* WeChatTools.swift */; };
		BB8A2C8221BE427600432091 /* ChatMsgDataHelper.swift in Sources */ = {isa = PBXBuildFile; fileRef = BB8A2C8121BE427600432091 /* ChatMsgDataHelper.swift */; };
		BBAD1A7C21C39E0D00EBB5DA /* MoreActionViewModel.swift in Sources */ = {isa = PBXBuildFile; fileRef = BBAD1A7B21C39E0D00EBB5DA /* MoreActionViewModel.swift */; };
		BBAD1A7F21C39E4100EBB5DA /* MoreActionCell.swift in Sources */ = {isa = PBXBuildFile; fileRef = BBAD1A7D21C39E4100EBB5DA /* MoreActionCell.swift */; };
		BBAD1A8021C39E4100EBB5DA /* MoreActionCell.xib in Resources */ = {isa = PBXBuildFile; fileRef = BBAD1A7E21C39E4100EBB5DA /* MoreActionCell.xib */; };
		BBAD1A8221C39FF000EBB5DA /* MoreActionHelper.swift in Sources */ = {isa = PBXBuildFile; fileRef = BBAD1A8121C39FF000EBB5DA /* MoreActionHelper.swift */; };
		BBAD1A8421C3A04B00EBB5DA /* ChatSelectorModel.swift in Sources */ = {isa = PBXBuildFile; fileRef = BBAD1A8321C3A04B00EBB5DA /* ChatSelectorModel.swift */; };
		BBDA1F9021BFA3360007487B /* EmotionViewModel.swift in Sources */ = {isa = PBXBuildFile; fileRef = BBDA1F8F21BFA3360007487B /* EmotionViewModel.swift */; };
		BBDA1F9321BFAD620007487B /* EmotionCell.swift in Sources */ = {isa = PBXBuildFile; fileRef = BBDA1F9121BFAD620007487B /* EmotionCell.swift */; };
		BBDA1F9421BFAD620007487B /* EmotionCell.xib in Resources */ = {isa = PBXBuildFile; fileRef = BBDA1F9221BFAD620007487B /* EmotionCell.xib */; };
		BBF8AB9821C146CC00E66382 /* CustomResponderTextView.swift in Sources */ = {isa = PBXBuildFile; fileRef = BBF8AB9721C146CC00E66382 /* CustomResponderTextView.swift */; };
		D1EBABF94E929155EADB390C /* Pods_WeChatDemo.framework in Frameworks */ = {isa = PBXBuildFile; fileRef = 6D0420B05686EDC494E228C7 /* Pods_WeChatDemo.framework */; };
/* End PBXBuildFile section */

/* Begin PBXFileReference section */
		0B09DC933D9481BAA5D63EDF /* Pods-WeChatDemo.release.xcconfig */ = {isa = PBXFileReference; includeInIndex = 1; lastKnownFileType = text.xcconfig; name = "Pods-WeChatDemo.release.xcconfig"; path = "Pods/Target Support Files/Pods-WeChatDemo/Pods-WeChatDemo.release.xcconfig"; sourceTree = "<group>"; };
		3FCF19962DDF6942C51C8902 /* Pods-WeChatDemo.debug.xcconfig */ = {isa = PBXFileReference; includeInIndex = 1; lastKnownFileType = text.xcconfig; name = "Pods-WeChatDemo.debug.xcconfig"; path = "Pods/Target Support Files/Pods-WeChatDemo/Pods-WeChatDemo.debug.xcconfig"; sourceTree = "<group>"; };
		6D0420B05686EDC494E228C7 /* Pods_WeChatDemo.framework */ = {isa = PBXFileReference; explicitFileType = wrapper.framework; includeInIndex = 0; path = Pods_WeChatDemo.framework; sourceTree = BUILT_PRODUCTS_DIR; };
		BB52BE8321C1F6C6002AF0DF /* ZhuanFaViewController.swift */ = {isa = PBXFileReference; lastKnownFileType = sourcecode.swift; path = ZhuanFaViewController.swift; sourceTree = "<group>"; };
		BB52BE8521C1F6D1002AF0DF /* ZhuanFaViewController.storyboard */ = {isa = PBXFileReference; lastKnownFileType = file.storyboard; path = ZhuanFaViewController.storyboard; sourceTree = "<group>"; };
		BB52BE8821C241B8002AF0DF /* MsgListViewModel.swift */ = {isa = PBXFileReference; lastKnownFileType = sourcecode.swift; path = MsgListViewModel.swift; sourceTree = "<group>"; };
		BB52BE8D21C245C5002AF0DF /* StringExtension.swift */ = {isa = PBXFileReference; lastKnownFileType = sourcecode.swift; path = StringExtension.swift; sourceTree = "<group>"; };
		BB544BDA21C0DC2F00448A91 /* ChatTextViewCell.swift */ = {isa = PBXFileReference; lastKnownFileType = sourcecode.swift; path = ChatTextViewCell.swift; sourceTree = "<group>"; };
		BB544BDC21C0F3BC00448A91 /* MyTextView.swift */ = {isa = PBXFileReference; lastKnownFileType = sourcecode.swift; path = MyTextView.swift; sourceTree = "<group>"; };
		BB5819E721BE6CDD00783C27 /* ChatAudioCell.swift */ = {isa = PBXFileReference; fileEncoding = 4; lastKnownFileType = sourcecode.swift; path = ChatAudioCell.swift; sourceTree = "<group>"; };
		BB5819E821BE6CDD00783C27 /* ChatTimeCell.swift */ = {isa = PBXFileReference; fileEncoding = 4; lastKnownFileType = sourcecode.swift; path = ChatTimeCell.swift; sourceTree = "<group>"; };
		BB5819E921BE6CDD00783C27 /* ChatVideoCell.swift */ = {isa = PBXFileReference; fileEncoding = 4; lastKnownFileType = sourcecode.swift; path = ChatVideoCell.swift; sourceTree = "<group>"; };
		BB5819EA21BE6CDD00783C27 /* ChatImageCell.swift */ = {isa = PBXFileReference; fileEncoding = 4; lastKnownFileType = sourcecode.swift; path = ChatImageCell.swift; sourceTree = "<group>"; };
		BB5819EF21BE7F7F00783C27 /* UIView+Extension.swift */ = {isa = PBXFileReference; fileEncoding = 4; lastKnownFileType = sourcecode.swift; path = "UIView+Extension.swift"; sourceTree = "<group>"; };
		BB5819F121BE824000783C27 /* WeChatTools+Message.swift */ = {isa = PBXFileReference; fileEncoding = 4; lastKnownFileType = sourcecode.swift; path = "WeChatTools+Message.swift"; sourceTree = "<group>"; };
		BB8A2C5521BE328200432091 /* WeChatDemo.app */ = {isa = PBXFileReference; explicitFileType = wrapper.application; includeInIndex = 0; path = WeChatDemo.app; sourceTree = BUILT_PRODUCTS_DIR; };
		BB8A2C5821BE328200432091 /* AppDelegate.swift */ = {isa = PBXFileReference; lastKnownFileType = sourcecode.swift; path = AppDelegate.swift; sourceTree = "<group>"; };
		BB8A2C5A21BE328200432091 /* ViewController.swift */ = {isa = PBXFileReference; lastKnownFileType = sourcecode.swift; path = ViewController.swift; sourceTree = "<group>"; };
		BB8A2C5D21BE328200432091 /* Base */ = {isa = PBXFileReference; lastKnownFileType = file.storyboard; name = Base; path = Base.lproj/Main.storyboard; sourceTree = "<group>"; };
		BB8A2C5F21BE328500432091 /* Assets.xcassets */ = {isa = PBXFileReference; lastKnownFileType = folder.assetcatalog; path = Assets.xcassets; sourceTree = "<group>"; };
		BB8A2C6221BE328500432091 /* Base */ = {isa = PBXFileReference; lastKnownFileType = file.storyboard; name = Base; path = Base.lproj/LaunchScreen.storyboard; sourceTree = "<group>"; };
		BB8A2C6421BE328500432091 /* Info.plist */ = {isa = PBXFileReference; lastKnownFileType = text.plist.xml; path = Info.plist; sourceTree = "<group>"; };
		BB8A2C6A21BE33F400432091 /* ChatMsgModel.swift */ = {isa = PBXFileReference; lastKnownFileType = sourcecode.swift; path = ChatMsgModel.swift; sourceTree = "<group>"; };
		BB8A2C6C21BE34ED00432091 /* BaseTableViewCell.swift */ = {isa = PBXFileReference; lastKnownFileType = sourcecode.swift; path = BaseTableViewCell.swift; sourceTree = "<group>"; };
		BB8A2C6E21BE3B1400432091 /* ImMessageModel.swift */ = {isa = PBXFileReference; lastKnownFileType = sourcecode.swift; path = ImMessageModel.swift; sourceTree = "<group>"; };
		BB8A2C7021BE3C6800432091 /* TextTableViewCell.swift */ = {isa = PBXFileReference; lastKnownFileType = sourcecode.swift; path = TextTableViewCell.swift; sourceTree = "<group>"; };
		BB8A2C7321BE3D2500432091 /* ChatFindEmotion.swift */ = {isa = PBXFileReference; lastKnownFileType = sourcecode.swift; path = ChatFindEmotion.swift; sourceTree = "<group>"; };
		BB8A2C7521BE3D8000432091 /* ChatEmotionHelper.swift */ = {isa = PBXFileReference; lastKnownFileType = sourcecode.swift; path = ChatEmotionHelper.swift; sourceTree = "<group>"; };
		BB8A2C7821BE3DC400432091 /* ChatEmotion.swift */ = {isa = PBXFileReference; lastKnownFileType = sourcecode.swift; path = ChatEmotion.swift; sourceTree = "<group>"; };
		BB8A2C7B21BE3E0200432091 /* Expression.bundle */ = {isa = PBXFileReference; lastKnownFileType = "wrapper.plug-in"; path = Expression.bundle; sourceTree = "<group>"; };
		BB8A2C7C21BE3E0200432091 /* Expression.plist */ = {isa = PBXFileReference; fileEncoding = 4; lastKnownFileType = text.plist.xml; path = Expression.plist; sourceTree = "<group>"; };
		BB8A2C7F21BE3F7900432091 /* WeChatTools.swift */ = {isa = PBXFileReference; lastKnownFileType = sourcecode.swift; path = WeChatTools.swift; sourceTree = "<group>"; };
		BB8A2C8121BE427600432091 /* ChatMsgDataHelper.swift */ = {isa = PBXFileReference; lastKnownFileType = sourcecode.swift; path = ChatMsgDataHelper.swift; sourceTree = "<group>"; };
		BBAD1A7B21C39E0D00EBB5DA /* MoreActionViewModel.swift */ = {isa = PBXFileReference; lastKnownFileType = sourcecode.swift; path = MoreActionViewModel.swift; sourceTree = "<group>"; };
		BBAD1A7D21C39E4100EBB5DA /* MoreActionCell.swift */ = {isa = PBXFileReference; lastKnownFileType = sourcecode.swift; path = MoreActionCell.swift; sourceTree = "<group>"; };
		BBAD1A7E21C39E4100EBB5DA /* MoreActionCell.xib */ = {isa = PBXFileReference; lastKnownFileType = file.xib; path = MoreActionCell.xib; sourceTree = "<group>"; };
		BBAD1A8121C39FF000EBB5DA /* MoreActionHelper.swift */ = {isa = PBXFileReference; lastKnownFileType = sourcecode.swift; path = MoreActionHelper.swift; sourceTree = "<group>"; };
		BBAD1A8321C3A04B00EBB5DA /* ChatSelectorModel.swift */ = {isa = PBXFileReference; lastKnownFileType = sourcecode.swift; path = ChatSelectorModel.swift; sourceTree = "<group>"; };
		BBDA1F8F21BFA3360007487B /* EmotionViewModel.swift */ = {isa = PBXFileReference; lastKnownFileType = sourcecode.swift; path = EmotionViewModel.swift; sourceTree = "<group>"; };
		BBDA1F9121BFAD620007487B /* EmotionCell.swift */ = {isa = PBXFileReference; lastKnownFileType = sourcecode.swift; path = EmotionCell.swift; sourceTree = "<group>"; };
		BBDA1F9221BFAD620007487B /* EmotionCell.xib */ = {isa = PBXFileReference; lastKnownFileType = file.xib; path = EmotionCell.xib; sourceTree = "<group>"; };
		BBF8AB9721C146CC00E66382 /* CustomResponderTextView.swift */ = {isa = PBXFileReference; lastKnownFileType = sourcecode.swift; path = CustomResponderTextView.swift; sourceTree = "<group>"; };
/* End PBXFileReference section */

/* Begin PBXFrameworksBuildPhase section */
		BB8A2C5221BE328200432091 /* Frameworks */ = {
			isa = PBXFrameworksBuildPhase;
			buildActionMask = 2147483647;
			files = (
				D1EBABF94E929155EADB390C /* Pods_WeChatDemo.framework in Frameworks */,
			);
			runOnlyForDeploymentPostprocessing = 0;
		};
/* End PBXFrameworksBuildPhase section */

/* Begin PBXGroup section */
		7AC1EC8105C79B72A15B2B79 /* Frameworks */ = {
			isa = PBXGroup;
			children = (
				6D0420B05686EDC494E228C7 /* Pods_WeChatDemo.framework */,
			);
			name = Frameworks;
			sourceTree = "<group>";
		};
		BB52BE8721C241A3002AF0DF /* ViewModel */ = {
			isa = PBXGroup;
			children = (
				BB52BE8821C241B8002AF0DF /* MsgListViewModel.swift */,
			);
			path = ViewModel;
			sourceTree = "<group>";
		};
		BB52BE8C21C245AA002AF0DF /* Extension */ = {
			isa = PBXGroup;
			children = (
				BB5819EF21BE7F7F00783C27 /* UIView+Extension.swift */,
				BB52BE8D21C245C5002AF0DF /* StringExtension.swift */,
			);
			path = Extension;
			sourceTree = "<group>";
		};
		BB5819E621BE6CC400783C27 /* Cells */ = {
			isa = PBXGroup;
			children = (
				BB8A2C6C21BE34ED00432091 /* BaseTableViewCell.swift */,
				BB544BDA21C0DC2F00448A91 /* ChatTextViewCell.swift */,
				BB8A2C7021BE3C6800432091 /* TextTableViewCell.swift */,
				BB5819EA21BE6CDD00783C27 /* ChatImageCell.swift */,
				BB5819E721BE6CDD00783C27 /* ChatAudioCell.swift */,
				BB5819E821BE6CDD00783C27 /* ChatTimeCell.swift */,
				BB5819E921BE6CDD00783C27 /* ChatVideoCell.swift */,
				BB544BDC21C0F3BC00448A91 /* MyTextView.swift */,
			);
			path = Cells;
			sourceTree = "<group>";
		};
		BB8A2C4C21BE328200432091 = {
			isa = PBXGroup;
			children = (
				BB8A2C5721BE328200432091 /* WeChatDemo */,
				BB8A2C5621BE328200432091 /* Products */,
				EE50420F96280661E862BF14 /* Pods */,
				7AC1EC8105C79B72A15B2B79 /* Frameworks */,
			);
			sourceTree = "<group>";
		};
		BB8A2C5621BE328200432091 /* Products */ = {
			isa = PBXGroup;
			children = (
				BB8A2C5521BE328200432091 /* WeChatDemo.app */,
			);
			name = Products;
			sourceTree = "<group>";
		};
		BB8A2C5721BE328200432091 /* WeChatDemo */ = {
			isa = PBXGroup;
			children = (
				BB8A2C5821BE328200432091 /* AppDelegate.swift */,
				BBAD1A7821C3841200EBB5DA /* MsgScreen */,
				BBAD1A7921C3844900EBB5DA /* ForwardScreen */,
				BB52BE8C21C245AA002AF0DF /* Extension */,
				BB8A2C7221BE3D1200432091 /* Helper */,
				BB8A2C5F21BE328500432091 /* Assets.xcassets */,
				BB8A2C6121BE328500432091 /* LaunchScreen.storyboard */,
				BB8A2C6421BE328500432091 /* Info.plist */,
			);
			path = WeChatDemo;
			sourceTree = "<group>";
		};
		BB8A2C7221BE3D1200432091 /* Helper */ = {
			isa = PBXGroup;
			children = (
				BB8A2C7321BE3D2500432091 /* ChatFindEmotion.swift */,
				BB8A2C7521BE3D8000432091 /* ChatEmotionHelper.swift */,
				BB8A2C7F21BE3F7900432091 /* WeChatTools.swift */,
				BB5819F121BE824000783C27 /* WeChatTools+Message.swift */,
				BB8A2C8121BE427600432091 /* ChatMsgDataHelper.swift */,
				BBAD1A8121C39FF000EBB5DA /* MoreActionHelper.swift */,
			);
			path = Helper;
			sourceTree = "<group>";
		};
		BB8A2C7721BE3DA700432091 /* Model */ = {
			isa = PBXGroup;
			children = (
				BB8A2C6A21BE33F400432091 /* ChatMsgModel.swift */,
				BB8A2C6E21BE3B1400432091 /* ImMessageModel.swift */,
				BB8A2C7821BE3DC400432091 /* ChatEmotion.swift */,
				BBAD1A8321C3A04B00EBB5DA /* ChatSelectorModel.swift */,
			);
			path = Model;
			sourceTree = "<group>";
		};
		BB8A2C7A21BE3E0200432091 /* Emotion */ = {
			isa = PBXGroup;
			children = (
				BB8A2C7B21BE3E0200432091 /* Expression.bundle */,
				BB8A2C7C21BE3E0200432091 /* Expression.plist */,
				BBDA1F8F21BFA3360007487B /* EmotionViewModel.swift */,
				BBDA1F9121BFAD620007487B /* EmotionCell.swift */,
				BBDA1F9221BFAD620007487B /* EmotionCell.xib */,
			);
			path = Emotion;
			sourceTree = "<group>";
		};
		BBAD1A7821C3841200EBB5DA /* MsgScreen */ = {
			isa = PBXGroup;
			children = (
				BB8A2C5C21BE328200432091 /* Main.storyboard */,
				BB8A2C5A21BE328200432091 /* ViewController.swift */,
				BBF8AB9721C146CC00E66382 /* CustomResponderTextView.swift */,
				BB8A2C7721BE3DA700432091 /* Model */,
				BB52BE8721C241A3002AF0DF /* ViewModel */,
				BB5819E621BE6CC400783C27 /* Cells */,
				BB8A2C7A21BE3E0200432091 /* Emotion */,
				BBAD1A7A21C39DEF00EBB5DA /* MoreAction */,
			);
			path = MsgScreen;
			sourceTree = "<group>";
		};
		BBAD1A7921C3844900EBB5DA /* ForwardScreen */ = {
			isa = PBXGroup;
			children = (
				BB52BE8321C1F6C6002AF0DF /* ZhuanFaViewController.swift */,
				BB52BE8521C1F6D1002AF0DF /* ZhuanFaViewController.storyboard */,
			);
			path = ForwardScreen;
			sourceTree = "<group>";
		};
		BBAD1A7A21C39DEF00EBB5DA /* MoreAction */ = {
			isa = PBXGroup;
			children = (
				BBAD1A7B21C39E0D00EBB5DA /* MoreActionViewModel.swift */,
				BBAD1A7D21C39E4100EBB5DA /* MoreActionCell.swift */,
				BBAD1A7E21C39E4100EBB5DA /* MoreActionCell.xib */,
			);
			path = MoreAction;
			sourceTree = "<group>";
		};
		EE50420F96280661E862BF14 /* Pods */ = {
			isa = PBXGroup;
			children = (
				3FCF19962DDF6942C51C8902 /* Pods-WeChatDemo.debug.xcconfig */,
				0B09DC933D9481BAA5D63EDF /* Pods-WeChatDemo.release.xcconfig */,
			);
			name = Pods;
			sourceTree = "<group>";
		};
/* End PBXGroup section */

/* Begin PBXNativeTarget section */
		BB8A2C5421BE328200432091 /* WeChatDemo */ = {
			isa = PBXNativeTarget;
			buildConfigurationList = BB8A2C6721BE328500432091 /* Build configuration list for PBXNativeTarget "WeChatDemo" */;
			buildPhases = (
				A8BD763E5825D17EE42BC43D /* [CP] Check Pods Manifest.lock */,
				BB8A2C5121BE328200432091 /* Sources */,
				BB8A2C5221BE328200432091 /* Frameworks */,
				BB8A2C5321BE328200432091 /* Resources */,
				E13E388AF46C0F5A5F7BE12B /* [CP] Embed Pods Frameworks */,
			);
			buildRules = (
			);
			dependencies = (
			);
			name = WeChatDemo;
			productName = WeChatDemo;
			productReference = BB8A2C5521BE328200432091 /* WeChatDemo.app */;
			productType = "com.apple.product-type.application";
		};
/* End PBXNativeTarget section */

/* Begin PBXProject section */
		BB8A2C4D21BE328200432091 /* Project object */ = {
			isa = PBXProject;
			attributes = {
				LastSwiftUpdateCheck = 1010;
				LastUpgradeCheck = 1010;
				ORGANIZATIONNAME = wangxiaole;
				TargetAttributes = {
					BB8A2C5421BE328200432091 = {
						CreatedOnToolsVersion = 10.1;
					};
				};
			};
			buildConfigurationList = BB8A2C5021BE328200432091 /* Build configuration list for PBXProject "WeChatDemo" */;
			compatibilityVersion = "Xcode 9.3";
			developmentRegion = en;
			hasScannedForEncodings = 0;
			knownRegions = (
				en,
				Base,
			);
			mainGroup = BB8A2C4C21BE328200432091;
			productRefGroup = BB8A2C5621BE328200432091 /* Products */;
			projectDirPath = "";
			projectRoot = "";
			targets = (
				BB8A2C5421BE328200432091 /* WeChatDemo */,
			);
		};
/* End PBXProject section */

/* Begin PBXResourcesBuildPhase section */
		BB8A2C5321BE328200432091 /* Resources */ = {
			isa = PBXResourcesBuildPhase;
			buildActionMask = 2147483647;
			files = (
				BB8A2C7E21BE3E0200432091 /* Expression.plist in Resources */,
				BB8A2C6321BE328500432091 /* LaunchScreen.storyboard in Resources */,
				BB8A2C7D21BE3E0200432091 /* Expression.bundle in Resources */,
				BB8A2C6021BE328500432091 /* Assets.xcassets in Resources */,
				BBAD1A8021C39E4100EBB5DA /* MoreActionCell.xib in Resources */,
				BB8A2C5E21BE328200432091 /* Main.storyboard in Resources */,
				BB52BE8621C1F6D1002AF0DF /* ZhuanFaViewController.storyboard in Resources */,
				BBDA1F9421BFAD620007487B /* EmotionCell.xib in Resources */,
			);
			runOnlyForDeploymentPostprocessing = 0;
		};
/* End PBXResourcesBuildPhase section */

/* Begin PBXShellScriptBuildPhase section */
		A8BD763E5825D17EE42BC43D /* [CP] Check Pods Manifest.lock */ = {
			isa = PBXShellScriptBuildPhase;
			buildActionMask = 2147483647;
			files = (
			);
			inputPaths = (
				"${PODS_PODFILE_DIR_PATH}/Podfile.lock",
				"${PODS_ROOT}/Manifest.lock",
			);
			name = "[CP] Check Pods Manifest.lock";
			outputPaths = (
				"$(DERIVED_FILE_DIR)/Pods-WeChatDemo-checkManifestLockResult.txt",
			);
			runOnlyForDeploymentPostprocessing = 0;
			shellPath = /bin/sh;
			shellScript = "diff \"${PODS_PODFILE_DIR_PATH}/Podfile.lock\" \"${PODS_ROOT}/Manifest.lock\" > /dev/null\nif [ $? != 0 ] ; then\n    # print error to STDERR\n    echo \"error: The sandbox is not in sync with the Podfile.lock. Run 'pod install' or update your CocoaPods installation.\" >&2\n    exit 1\nfi\n# This output is used by Xcode 'outputs' to avoid re-running this script phase.\necho \"SUCCESS\" > \"${SCRIPT_OUTPUT_FILE_0}\"\n";
			showEnvVarsInLog = 0;
		};
		E13E388AF46C0F5A5F7BE12B /* [CP] Embed Pods Frameworks */ = {
			isa = PBXShellScriptBuildPhase;
			buildActionMask = 2147483647;
			files = (
			);
			inputPaths = (
				"${SRCROOT}/Pods/Target Support Files/Pods-WeChatDemo/Pods-WeChatDemo-frameworks.sh",
				"${BUILT_PRODUCTS_DIR}/SnapKit/SnapKit.framework",
			);
			name = "[CP] Embed Pods Frameworks";
			outputPaths = (
				"${TARGET_BUILD_DIR}/${FRAMEWORKS_FOLDER_PATH}/SnapKit.framework",
			);
			runOnlyForDeploymentPostprocessing = 0;
			shellPath = /bin/sh;
			shellScript = "\"${SRCROOT}/Pods/Target Support Files/Pods-WeChatDemo/Pods-WeChatDemo-frameworks.sh\"\n";
			showEnvVarsInLog = 0;
		};
/* End PBXShellScriptBuildPhase section */

/* Begin PBXSourcesBuildPhase section */
		BB8A2C5121BE328200432091 /* Sources */ = {
			isa = PBXSourcesBuildPhase;
			buildActionMask = 2147483647;
			files = (
				BB52BE8921C241B8002AF0DF /* MsgListViewModel.swift in Sources */,
				BB8A2C7121BE3C6800432091 /* TextTableViewCell.swift in Sources */,
				BB5819F221BE824000783C27 /* WeChatTools+Message.swift in Sources */,
				BBAD1A7F21C39E4100EBB5DA /* MoreActionCell.swift in Sources */,
				BB8A2C6D21BE34ED00432091 /* BaseTableViewCell.swift in Sources */,
				BB5819EC21BE6CDD00783C27 /* ChatTimeCell.swift in Sources */,
				BB8A2C7421BE3D2500432091 /* ChatFindEmotion.swift in Sources */,
				BBF8AB9821C146CC00E66382 /* CustomResponderTextView.swift in Sources */,
				BB52BE8E21C245C5002AF0DF /* StringExtension.swift in Sources */,
				BB8A2C5B21BE328200432091 /* ViewController.swift in Sources */,
				BBAD1A8221C39FF000EBB5DA /* MoreActionHelper.swift in Sources */,
				BB5819ED21BE6CDD00783C27 /* ChatVideoCell.swift in Sources */,
				BB5819F021BE7F7F00783C27 /* UIView+Extension.swift in Sources */,
				BB8A2C8221BE427600432091 /* ChatMsgDataHelper.swift in Sources */,
				BB8A2C6B21BE33F400432091 /* ChatMsgModel.swift in Sources */,
				BBAD1A8421C3A04B00EBB5DA /* ChatSelectorModel.swift in Sources */,
				BB544BDD21C0F3BC00448A91 /* MyTextView.swift in Sources */,
				BBDA1F9021BFA3360007487B /* EmotionViewModel.swift in Sources */,
				BB5819EB21BE6CDD00783C27 /* ChatAudioCell.swift in Sources */,
				BB52BE8421C1F6C6002AF0DF /* ZhuanFaViewController.swift in Sources */,
				BB8A2C7921BE3DC400432091 /* ChatEmotion.swift in Sources */,
				BB8A2C7621BE3D8000432091 /* ChatEmotionHelper.swift in Sources */,
				BB8A2C8021BE3F7900432091 /* WeChatTools.swift in Sources */,
				BB8A2C5921BE328200432091 /* AppDelegate.swift in Sources */,
				BB5819EE21BE6CDD00783C27 /* ChatImageCell.swift in Sources */,
				BB544BDB21C0DC2F00448A91 /* ChatTextViewCell.swift in Sources */,
				BB8A2C6F21BE3B1400432091 /* ImMessageModel.swift in Sources */,
				BBDA1F9321BFAD620007487B /* EmotionCell.swift in Sources */,
				BBAD1A7C21C39E0D00EBB5DA /* MoreActionViewModel.swift in Sources */,
			);
			runOnlyForDeploymentPostprocessing = 0;
		};
/* End PBXSourcesBuildPhase section */

/* Begin PBXVariantGroup section */
		BB8A2C5C21BE328200432091 /* Main.storyboard */ = {
			isa = PBXVariantGroup;
			children = (
				BB8A2C5D21BE328200432091 /* Base */,
			);
			name = Main.storyboard;
			sourceTree = "<group>";
		};
		BB8A2C6121BE328500432091 /* LaunchScreen.storyboard */ = {
			isa = PBXVariantGroup;
			children = (
				BB8A2C6221BE328500432091 /* Base */,
			);
			name = LaunchScreen.storyboard;
			sourceTree = "<group>";
		};
/* End PBXVariantGroup section */

/* Begin XCBuildConfiguration section */
		BB8A2C6521BE328500432091 /* Debug */ = {
			isa = XCBuildConfiguration;
			buildSettings = {
				ALWAYS_SEARCH_USER_PATHS = NO;
				CLANG_ANALYZER_NONNULL = YES;
				CLANG_ANALYZER_NUMBER_OBJECT_CONVERSION = YES_AGGRESSIVE;
				CLANG_CXX_LANGUAGE_STANDARD = "gnu++14";
				CLANG_CXX_LIBRARY = "libc++";
				CLANG_ENABLE_MODULES = YES;
				CLANG_ENABLE_OBJC_ARC = YES;
				CLANG_ENABLE_OBJC_WEAK = YES;
				CLANG_WARN_BLOCK_CAPTURE_AUTORELEASING = YES;
				CLANG_WARN_BOOL_CONVERSION = YES;
				CLANG_WARN_COMMA = YES;
				CLANG_WARN_CONSTANT_CONVERSION = YES;
				CLANG_WARN_DEPRECATED_OBJC_IMPLEMENTATIONS = YES;
				CLANG_WARN_DIRECT_OBJC_ISA_USAGE = YES_ERROR;
				CLANG_WARN_DOCUMENTATION_COMMENTS = YES;
				CLANG_WARN_EMPTY_BODY = YES;
				CLANG_WARN_ENUM_CONVERSION = YES;
				CLANG_WARN_INFINITE_RECURSION = YES;
				CLANG_WARN_INT_CONVERSION = YES;
				CLANG_WARN_NON_LITERAL_NULL_CONVERSION = YES;
				CLANG_WARN_OBJC_IMPLICIT_RETAIN_SELF = YES;
				CLANG_WARN_OBJC_LITERAL_CONVERSION = YES;
				CLANG_WARN_OBJC_ROOT_CLASS = YES_ERROR;
				CLANG_WARN_RANGE_LOOP_ANALYSIS = YES;
				CLANG_WARN_STRICT_PROTOTYPES = YES;
				CLANG_WARN_SUSPICIOUS_MOVE = YES;
				CLANG_WARN_UNGUARDED_AVAILABILITY = YES_AGGRESSIVE;
				CLANG_WARN_UNREACHABLE_CODE = YES;
				CLANG_WARN__DUPLICATE_METHOD_MATCH = YES;
				CODE_SIGN_IDENTITY = "iPhone Developer";
				COPY_PHASE_STRIP = NO;
				DEBUG_INFORMATION_FORMAT = dwarf;
				ENABLE_STRICT_OBJC_MSGSEND = YES;
				ENABLE_TESTABILITY = YES;
				GCC_C_LANGUAGE_STANDARD = gnu11;
				GCC_DYNAMIC_NO_PIC = NO;
				GCC_NO_COMMON_BLOCKS = YES;
				GCC_OPTIMIZATION_LEVEL = 0;
				GCC_PREPROCESSOR_DEFINITIONS = (
					"DEBUG=1",
					"$(inherited)",
				);
				GCC_WARN_64_TO_32_BIT_CONVERSION = YES;
				GCC_WARN_ABOUT_RETURN_TYPE = YES_ERROR;
				GCC_WARN_UNDECLARED_SELECTOR = YES;
				GCC_WARN_UNINITIALIZED_AUTOS = YES_AGGRESSIVE;
				GCC_WARN_UNUSED_FUNCTION = YES;
				GCC_WARN_UNUSED_VARIABLE = YES;
				IPHONEOS_DEPLOYMENT_TARGET = 12.1;
				MTL_ENABLE_DEBUG_INFO = INCLUDE_SOURCE;
				MTL_FAST_MATH = YES;
				ONLY_ACTIVE_ARCH = YES;
				SDKROOT = iphoneos;
				SWIFT_ACTIVE_COMPILATION_CONDITIONS = DEBUG;
				SWIFT_OPTIMIZATION_LEVEL = "-Onone";
			};
			name = Debug;
		};
		BB8A2C6621BE328500432091 /* Release */ = {
			isa = XCBuildConfiguration;
			buildSettings = {
				ALWAYS_SEARCH_USER_PATHS = NO;
				CLANG_ANALYZER_NONNULL = YES;
				CLANG_ANALYZER_NUMBER_OBJECT_CONVERSION = YES_AGGRESSIVE;
				CLANG_CXX_LANGUAGE_STANDARD = "gnu++14";
				CLANG_CXX_LIBRARY = "libc++";
				CLANG_ENABLE_MODULES = YES;
				CLANG_ENABLE_OBJC_ARC = YES;
				CLANG_ENABLE_OBJC_WEAK = YES;
				CLANG_WARN_BLOCK_CAPTURE_AUTORELEASING = YES;
				CLANG_WARN_BOOL_CONVERSION = YES;
				CLANG_WARN_COMMA = YES;
				CLANG_WARN_CONSTANT_CONVERSION = YES;
				CLANG_WARN_DEPRECATED_OBJC_IMPLEMENTATIONS = YES;
				CLANG_WARN_DIRECT_OBJC_ISA_USAGE = YES_ERROR;
				CLANG_WARN_DOCUMENTATION_COMMENTS = YES;
				CLANG_WARN_EMPTY_BODY = YES;
				CLANG_WARN_ENUM_CONVERSION = YES;
				CLANG_WARN_INFINITE_RECURSION = YES;
				CLANG_WARN_INT_CONVERSION = YES;
				CLANG_WARN_NON_LITERAL_NULL_CONVERSION = YES;
				CLANG_WARN_OBJC_IMPLICIT_RETAIN_SELF = YES;
				CLANG_WARN_OBJC_LITERAL_CONVERSION = YES;
				CLANG_WARN_OBJC_ROOT_CLASS = YES_ERROR;
				CLANG_WARN_RANGE_LOOP_ANALYSIS = YES;
				CLANG_WARN_STRICT_PROTOTYPES = YES;
				CLANG_WARN_SUSPICIOUS_MOVE = YES;
				CLANG_WARN_UNGUARDED_AVAILABILITY = YES_AGGRESSIVE;
				CLANG_WARN_UNREACHABLE_CODE = YES;
				CLANG_WARN__DUPLICATE_METHOD_MATCH = YES;
				CODE_SIGN_IDENTITY = "iPhone Developer";
				COPY_PHASE_STRIP = NO;
				DEBUG_INFORMATION_FORMAT = "dwarf-with-dsym";
				ENABLE_NS_ASSERTIONS = NO;
				ENABLE_STRICT_OBJC_MSGSEND = YES;
				GCC_C_LANGUAGE_STANDARD = gnu11;
				GCC_NO_COMMON_BLOCKS = YES;
				GCC_WARN_64_TO_32_BIT_CONVERSION = YES;
				GCC_WARN_ABOUT_RETURN_TYPE = YES_ERROR;
				GCC_WARN_UNDECLARED_SELECTOR = YES;
				GCC_WARN_UNINITIALIZED_AUTOS = YES_AGGRESSIVE;
				GCC_WARN_UNUSED_FUNCTION = YES;
				GCC_WARN_UNUSED_VARIABLE = YES;
				IPHONEOS_DEPLOYMENT_TARGET = 12.1;
				MTL_ENABLE_DEBUG_INFO = NO;
				MTL_FAST_MATH = YES;
				SDKROOT = iphoneos;
				SWIFT_COMPILATION_MODE = wholemodule;
				SWIFT_OPTIMIZATION_LEVEL = "-O";
				VALIDATE_PRODUCT = YES;
			};
			name = Release;
		};
		BB8A2C6821BE328500432091 /* Debug */ = {
			isa = XCBuildConfiguration;
			baseConfigurationReference = 3FCF19962DDF6942C51C8902 /* Pods-WeChatDemo.debug.xcconfig */;
			buildSettings = {
				ASSETCATALOG_COMPILER_APPICON_NAME = AppIcon;
				CODE_SIGN_IDENTITY = "iPhone Developer";
				CODE_SIGN_STYLE = Automatic;
				DEVELOPMENT_TEAM = HTW6ZG346Z;
				INFOPLIST_FILE = WeChatDemo/Info.plist;
				IPHONEOS_DEPLOYMENT_TARGET = 10.0;
				LD_RUNPATH_SEARCH_PATHS = (
					"$(inherited)",
					"@executable_path/Frameworks",
				);
				PRODUCT_BUNDLE_IDENTIFIER = com.neusoft.WeChatDemo;
				PRODUCT_NAME = "$(TARGET_NAME)";
				PROVISIONING_PROFILE_SPECIFIER = "";
				SWIFT_VERSION = 4.2;
				TARGETED_DEVICE_FAMILY = "1,2";
			};
			name = Debug;
		};
		BB8A2C6921BE328500432091 /* Release */ = {
			isa = XCBuildConfiguration;
			baseConfigurationReference = 0B09DC933D9481BAA5D63EDF /* Pods-WeChatDemo.release.xcconfig */;
			buildSettings = {
				ASSETCATALOG_COMPILER_APPICON_NAME = AppIcon;
				CODE_SIGN_IDENTITY = "iPhone Developer";
				CODE_SIGN_STYLE = Automatic;
				DEVELOPMENT_TEAM = HTW6ZG346Z;
				INFOPLIST_FILE = WeChatDemo/Info.plist;
				IPHONEOS_DEPLOYMENT_TARGET = 10.0;
				LD_RUNPATH_SEARCH_PATHS = (
					"$(inherited)",
					"@executable_path/Frameworks",
				);
				PRODUCT_BUNDLE_IDENTIFIER = com.neusoft.WeChatDemo;
				PRODUCT_NAME = "$(TARGET_NAME)";
				PROVISIONING_PROFILE_SPECIFIER = "";
				SWIFT_VERSION = 4.2;
				TARGETED_DEVICE_FAMILY = "1,2";
			};
			name = Release;
		};
/* End XCBuildConfiguration section */

/* Begin XCConfigurationList section */
		BB8A2C5021BE328200432091 /* Build configuration list for PBXProject "WeChatDemo" */ = {
			isa = XCConfigurationList;
			buildConfigurations = (
				BB8A2C6521BE328500432091 /* Debug */,
				BB8A2C6621BE328500432091 /* Release */,
			);
			defaultConfigurationIsVisible = 0;
			defaultConfigurationName = Release;
		};
		BB8A2C6721BE328500432091 /* Build configuration list for PBXNativeTarget "WeChatDemo" */ = {
			isa = XCConfigurationList;
			buildConfigurations = (
				BB8A2C6821BE328500432091 /* Debug */,
				BB8A2C6921BE328500432091 /* Release */,
			);
			defaultConfigurationIsVisible = 0;
			defaultConfigurationName = Release;
		};
/* End XCConfigurationList section */
	};
	rootObject = BB8A2C4D21BE328200432091 /* Project object */;
}
